
Microsoft Visual Studio Solution File, Format Version 12.00
# Visual Studio Version 17
VisualStudioVersion = 17.4.33213.308
MinimumVisualStudioVersion = 10.0.40219.1
Project("{FAE04EC0-301F-11D3-BF4B-00C04F79EFBC}") = "JCD1.4.1", "JCD1.4.1.csproj", "{C1724AEC-C11C-4304-9EE0-96ACAEA5B6BB}"
EndProject
Global
	GlobalSection(SolutionConfigurationPlatforms) = preSolution
		Debug|Any CPU = Debug|Any CPU
		Release|Any CPU = Release|Any CPU
	EndGlobalSection
	GlobalSection(ProjectConfigurationPlatforms) = postSolution
		{C1724AEC-C11C-4304-9EE0-96ACAEA5B6BB}.Debug|Any CPU.ActiveCfg = Debug|Any CPU
		{C1724AEC-C11C-4304-9EE0-96ACAEA5B6BB}.Debug|Any CPU.Build.0 = Debug|Any CPU
		{C1724AEC-C11C-4304-9EE0-96ACAEA5B6BB}.Release|Any CPU.ActiveCfg = Release|Any CPU
		{C1724AEC-C11C-4304-9EE0-96ACAEA5B6BB}.Release|Any CPU.Build.0 = Release|Any CPU
	EndGlobalSection
	GlobalSection(SolutionProperties) = preSolution
		HideSolutionNode = FALSE
	EndGlobalSection
	GlobalSection(ExtensibilityGlobals) = postSolution
		SolutionGuid = {7EAF871F-81D8-4926-A717-DC078A9B7F97}
	EndGlobalSection
EndGlobal
